
Microsoft Visual Studio Solution File, Format Version 12.00
# Visual Studio Version 17
VisualStudioVersion = 17.11.35219.272
MinimumVisualStudioVersion = 10.0.40219.1
Project("{FAE04EC0-301F-11D3-BF4B-00C04F79EFBC}") = "Dizi Elemanlarını Listeleme", "Dizi Elemanlarını Listeleme\Dizi Elemanlarını Listeleme.csproj", "{4FBFEBA1-4F74-4B99-978B-BD1F901CFF50}"
EndProject
Global
	GlobalSection(SolutionConfigurationPlatforms) = preSolution
		Debug|Any CPU = Debug|Any CPU
		Release|Any CPU = Release|Any CPU
	EndGlobalSection
	GlobalSection(ProjectConfigurationPlatforms) = postSolution
		{4FBFEBA1-4F74-4B99-978B-BD1F901CFF50}.Debug|Any CPU.ActiveCfg = Debug|Any CPU
		{4FBFEBA1-4F74-4B99-978B-BD1F901CFF50}.Debug|Any CPU.Build.0 = Debug|Any CPU
		{4FBFEBA1-4F74-4B99-978B-BD1F901CFF50}.Release|Any CPU.ActiveCfg = Release|Any CPU
		{4FBFEBA1-4F74-4B99-978B-BD1F901CFF50}.Release|Any CPU.Build.0 = Release|Any CPU
	EndGlobalSection
	GlobalSection(SolutionProperties) = preSolution
		HideSolutionNode = FALSE
	EndGlobalSection
	GlobalSection(ExtensibilityGlobals) = postSolution
		SolutionGuid = {10782764-F373-40C0-979A-732BEAFADCE5}
	EndGlobalSection
EndGlobal
